// !$*UTF8*$!
{
	archiveVersion = 1;
	classes = {
	};
	objectVersion = 56;
	objects = {

/* Begin PBXBuildFile section */
		80037F5629724E17004B66F6 /* SearchServiceProtocol.swift in Sources */ = {isa = PBXBuildFile; fileRef = 80037F5529724E17004B66F6 /* SearchServiceProtocol.swift */; };
		80037F5E29726B17004B66F6 /* NSObject.swift in Sources */ = {isa = PBXBuildFile; fileRef = 80037F5D29726B17004B66F6 /* NSObject.swift */; };
		80037F60297274CA004B66F6 /* String.swift in Sources */ = {isa = PBXBuildFile; fileRef = 80037F5F297274CA004B66F6 /* String.swift */; };
		80037F65297275D5004B66F6 /* Localizable.strings in Resources */ = {isa = PBXBuildFile; fileRef = 80037F67297275D5004B66F6 /* Localizable.strings */; };
		80037F6A29728FCC004B66F6 /* VehicleFeatureInfoModel.swift in Sources */ = {isa = PBXBuildFile; fileRef = 80037F6929728FCC004B66F6 /* VehicleFeatureInfoModel.swift */; };
		80037F6C29729033004B66F6 /* VehicleSearchService.swift in Sources */ = {isa = PBXBuildFile; fileRef = 80037F6B29729033004B66F6 /* VehicleSearchService.swift */; };
		80037F6E297290CC004B66F6 /* ApiResult.swift in Sources */ = {isa = PBXBuildFile; fileRef = 80037F6D297290CC004B66F6 /* ApiResult.swift */; };
		80037F762972C76C004B66F6 /* Binder.swift in Sources */ = {isa = PBXBuildFile; fileRef = 80037F752972C76C004B66F6 /* Binder.swift */; };
		80037F782972D98E004B66F6 /* UIViewController.swift in Sources */ = {isa = PBXBuildFile; fileRef = 80037F772972D98E004B66F6 /* UIViewController.swift */; };
		80C168B82971CF62009112CB /* SearchScreenViewModel.swift in Sources */ = {isa = PBXBuildFile; fileRef = 80C168B72971CF61009112CB /* SearchScreenViewModel.swift */; };
		80C168BA2971CF6B009112CB /* UiState.swift in Sources */ = {isa = PBXBuildFile; fileRef = 80C168B92971CF6B009112CB /* UiState.swift */; };
		80C168BC2971CF76009112CB /* VehicleInfoModel.swift in Sources */ = {isa = PBXBuildFile; fileRef = 80C168BB2971CF76009112CB /* VehicleInfoModel.swift */; };
		80C168BF2971CF91009112CB /* VehicleSearchApi.swift in Sources */ = {isa = PBXBuildFile; fileRef = 80C168BD2971CF91009112CB /* VehicleSearchApi.swift */; };
		80C168C02971CF91009112CB /* VehicleInfoFetchServiceImpl.swift in Sources */ = {isa = PBXBuildFile; fileRef = 80C168BE2971CF91009112CB /* VehicleInfoFetchServiceImpl.swift */; };
		80ED5C282971064D0099AAA9 /* AppDelegate.swift in Sources */ = {isa = PBXBuildFile; fileRef = 80ED5C272971064D0099AAA9 /* AppDelegate.swift */; };
		80ED5C2A2971064D0099AAA9 /* SceneDelegate.swift in Sources */ = {isa = PBXBuildFile; fileRef = 80ED5C292971064D0099AAA9 /* SceneDelegate.swift */; };
		80ED5C2F2971064D0099AAA9 /* Main.storyboard in Resources */ = {isa = PBXBuildFile; fileRef = 80ED5C2D2971064D0099AAA9 /* Main.storyboard */; };
		80ED5C312971064F0099AAA9 /* Assets.xcassets in Resources */ = {isa = PBXBuildFile; fileRef = 80ED5C302971064F0099AAA9 /* Assets.xcassets */; };
		80ED5C342971064F0099AAA9 /* LaunchScreen.storyboard in Resources */ = {isa = PBXBuildFile; fileRef = 80ED5C322971064F0099AAA9 /* LaunchScreen.storyboard */; };
		80ED5C3F2971064F0099AAA9 /* VehicleSearchTests.swift in Sources */ = {isa = PBXBuildFile; fileRef = 80ED5C3E2971064F0099AAA9 /* VehicleSearchTests.swift */; };
		80ED5C492971064F0099AAA9 /* VehicleSearchUITests.swift in Sources */ = {isa = PBXBuildFile; fileRef = 80ED5C482971064F0099AAA9 /* VehicleSearchUITests.swift */; };
		80ED5C4B2971064F0099AAA9 /* VehicleSearchUITestsLaunchTests.swift in Sources */ = {isa = PBXBuildFile; fileRef = 80ED5C4A2971064F0099AAA9 /* VehicleSearchUITestsLaunchTests.swift */; };
		80ED5C58297106A90099AAA9 /* OnBoardingScreen.swift in Sources */ = {isa = PBXBuildFile; fileRef = 80ED5C57297106A90099AAA9 /* OnBoardingScreen.swift */; };
		80ED5C68297109860099AAA9 /* Roboto-LightItalic.ttf in Resources */ = {isa = PBXBuildFile; fileRef = 80ED5C5C297109850099AAA9 /* Roboto-LightItalic.ttf */; };
		80ED5C69297109860099AAA9 /* Roboto-Bold.ttf in Resources */ = {isa = PBXBuildFile; fileRef = 80ED5C5D297109850099AAA9 /* Roboto-Bold.ttf */; };
		80ED5C6A297109860099AAA9 /* Roboto-Black.ttf in Resources */ = {isa = PBXBuildFile; fileRef = 80ED5C5E297109850099AAA9 /* Roboto-Black.ttf */; };
		80ED5C6B297109860099AAA9 /* Roboto-BlackItalic.ttf in Resources */ = {isa = PBXBuildFile; fileRef = 80ED5C5F297109860099AAA9 /* Roboto-BlackItalic.ttf */; };
		80ED5C6C297109860099AAA9 /* Roboto-Light.ttf in Resources */ = {isa = PBXBuildFile; fileRef = 80ED5C60297109860099AAA9 /* Roboto-Light.ttf */; };
		80ED5C6D297109860099AAA9 /* Roboto-MediumItalic.ttf in Resources */ = {isa = PBXBuildFile; fileRef = 80ED5C61297109860099AAA9 /* Roboto-MediumItalic.ttf */; };
		80ED5C6E297109860099AAA9 /* Roboto-Regular.ttf in Resources */ = {isa = PBXBuildFile; fileRef = 80ED5C62297109860099AAA9 /* Roboto-Regular.ttf */; };
		80ED5C6F297109860099AAA9 /* Roboto-Thin.ttf in Resources */ = {isa = PBXBuildFile; fileRef = 80ED5C63297109860099AAA9 /* Roboto-Thin.ttf */; };
		80ED5C70297109860099AAA9 /* Roboto-Medium.ttf in Resources */ = {isa = PBXBuildFile; fileRef = 80ED5C64297109860099AAA9 /* Roboto-Medium.ttf */; };
		80ED5C71297109860099AAA9 /* Roboto-ThinItalic.ttf in Resources */ = {isa = PBXBuildFile; fileRef = 80ED5C65297109860099AAA9 /* Roboto-ThinItalic.ttf */; };
		80ED5C72297109860099AAA9 /* Roboto-Italic.ttf in Resources */ = {isa = PBXBuildFile; fileRef = 80ED5C66297109860099AAA9 /* Roboto-Italic.ttf */; };
		80ED5C73297109860099AAA9 /* Roboto-BoldItalic.ttf in Resources */ = {isa = PBXBuildFile; fileRef = 80ED5C67297109860099AAA9 /* Roboto-BoldItalic.ttf */; };
		80ED5C7A297109960099AAA9 /* Oswald-Regular.ttf in Resources */ = {isa = PBXBuildFile; fileRef = 80ED5C74297109960099AAA9 /* Oswald-Regular.ttf */; };
		80ED5C7B297109960099AAA9 /* Oswald-SemiBold.ttf in Resources */ = {isa = PBXBuildFile; fileRef = 80ED5C75297109960099AAA9 /* Oswald-SemiBold.ttf */; };
		80ED5C7C297109960099AAA9 /* Oswald-Light.ttf in Resources */ = {isa = PBXBuildFile; fileRef = 80ED5C76297109960099AAA9 /* Oswald-Light.ttf */; };
		80ED5C7D297109960099AAA9 /* Oswald-Bold.ttf in Resources */ = {isa = PBXBuildFile; fileRef = 80ED5C77297109960099AAA9 /* Oswald-Bold.ttf */; };
		80ED5C7E297109960099AAA9 /* Oswald-ExtraLight.ttf in Resources */ = {isa = PBXBuildFile; fileRef = 80ED5C78297109960099AAA9 /* Oswald-ExtraLight.ttf */; };
		80ED5C7F297109960099AAA9 /* Oswald-Medium.ttf in Resources */ = {isa = PBXBuildFile; fileRef = 80ED5C79297109960099AAA9 /* Oswald-Medium.ttf */; };
		80ED5C8129710FE70099AAA9 /* SearchToolScreen.swift in Sources */ = {isa = PBXBuildFile; fileRef = 80ED5C8029710FE70099AAA9 /* SearchToolScreen.swift */; };
		80ED5C872971665A0099AAA9 /* UIView.swift in Sources */ = {isa = PBXBuildFile; fileRef = 80ED5C862971665A0099AAA9 /* UIView.swift */; };
/* End PBXBuildFile section */

/* Begin PBXContainerItemProxy section */
		80ED5C3B2971064F0099AAA9 /* PBXContainerItemProxy */ = {
			isa = PBXContainerItemProxy;
			containerPortal = 80ED5C1C2971064D0099AAA9 /* Project object */;
			proxyType = 1;
			remoteGlobalIDString = 80ED5C232971064D0099AAA9;
			remoteInfo = VehicleSearch;
		};
		80ED5C452971064F0099AAA9 /* PBXContainerItemProxy */ = {
			isa = PBXContainerItemProxy;
			containerPortal = 80ED5C1C2971064D0099AAA9 /* Project object */;
			proxyType = 1;
			remoteGlobalIDString = 80ED5C232971064D0099AAA9;
			remoteInfo = VehicleSearch;
		};
/* End PBXContainerItemProxy section */

/* Begin PBXFileReference section */
		80037F5529724E17004B66F6 /* SearchServiceProtocol.swift */ = {isa = PBXFileReference; lastKnownFileType = sourcecode.swift; path = SearchServiceProtocol.swift; sourceTree = "<group>"; };
		80037F5D29726B17004B66F6 /* NSObject.swift */ = {isa = PBXFileReference; lastKnownFileType = sourcecode.swift; path = NSObject.swift; sourceTree = "<group>"; };
		80037F5F297274CA004B66F6 /* String.swift */ = {isa = PBXFileReference; lastKnownFileType = sourcecode.swift; path = String.swift; sourceTree = "<group>"; };
		80037F66297275D5004B66F6 /* en */ = {isa = PBXFileReference; lastKnownFileType = text.plist.strings; name = en; path = en.lproj/Localizable.strings; sourceTree = "<group>"; };
		80037F6929728FCC004B66F6 /* VehicleFeatureInfoModel.swift */ = {isa = PBXFileReference; lastKnownFileType = sourcecode.swift; path = VehicleFeatureInfoModel.swift; sourceTree = "<group>"; };
		80037F6B29729033004B66F6 /* VehicleSearchService.swift */ = {isa = PBXFileReference; lastKnownFileType = sourcecode.swift; path = VehicleSearchService.swift; sourceTree = "<group>"; };
		80037F6D297290CC004B66F6 /* ApiResult.swift */ = {isa = PBXFileReference; lastKnownFileType = sourcecode.swift; path = ApiResult.swift; sourceTree = "<group>"; };
		80037F752972C76C004B66F6 /* Binder.swift */ = {isa = PBXFileReference; lastKnownFileType = sourcecode.swift; path = Binder.swift; sourceTree = "<group>"; };
		80037F772972D98E004B66F6 /* UIViewController.swift */ = {isa = PBXFileReference; lastKnownFileType = sourcecode.swift; path = UIViewController.swift; sourceTree = "<group>"; };
		80C168B72971CF61009112CB /* SearchScreenViewModel.swift */ = {isa = PBXFileReference; fileEncoding = 4; lastKnownFileType = sourcecode.swift; path = SearchScreenViewModel.swift; sourceTree = "<group>"; };
		80C168B92971CF6B009112CB /* UiState.swift */ = {isa = PBXFileReference; fileEncoding = 4; lastKnownFileType = sourcecode.swift; path = UiState.swift; sourceTree = "<group>"; };
		80C168BB2971CF76009112CB /* VehicleInfoModel.swift */ = {isa = PBXFileReference; fileEncoding = 4; lastKnownFileType = sourcecode.swift; path = VehicleInfoModel.swift; sourceTree = "<group>"; };
		80C168BD2971CF91009112CB /* VehicleSearchApi.swift */ = {isa = PBXFileReference; fileEncoding = 4; lastKnownFileType = sourcecode.swift; path = VehicleSearchApi.swift; sourceTree = "<group>"; };
		80C168BE2971CF91009112CB /* VehicleInfoFetchServiceImpl.swift */ = {isa = PBXFileReference; fileEncoding = 4; lastKnownFileType = sourcecode.swift; path = VehicleInfoFetchServiceImpl.swift; sourceTree = "<group>"; };
		80ED5C242971064D0099AAA9 /* VehicleSearch.app */ = {isa = PBXFileReference; explicitFileType = wrapper.application; includeInIndex = 0; path = VehicleSearch.app; sourceTree = BUILT_PRODUCTS_DIR; };
		80ED5C272971064D0099AAA9 /* AppDelegate.swift */ = {isa = PBXFileReference; lastKnownFileType = sourcecode.swift; path = AppDelegate.swift; sourceTree = "<group>"; };
		80ED5C292971064D0099AAA9 /* SceneDelegate.swift */ = {isa = PBXFileReference; lastKnownFileType = sourcecode.swift; path = SceneDelegate.swift; sourceTree = "<group>"; };
		80ED5C2E2971064D0099AAA9 /* Base */ = {isa = PBXFileReference; lastKnownFileType = file.storyboard; name = Base; path = Base.lproj/Main.storyboard; sourceTree = "<group>"; };
		80ED5C302971064F0099AAA9 /* Assets.xcassets */ = {isa = PBXFileReference; lastKnownFileType = folder.assetcatalog; path = Assets.xcassets; sourceTree = "<group>"; };
		80ED5C332971064F0099AAA9 /* Base */ = {isa = PBXFileReference; lastKnownFileType = file.storyboard; name = Base; path = Base.lproj/LaunchScreen.storyboard; sourceTree = "<group>"; };
		80ED5C352971064F0099AAA9 /* Info.plist */ = {isa = PBXFileReference; lastKnownFileType = text.plist.xml; path = Info.plist; sourceTree = "<group>"; };
		80ED5C3A2971064F0099AAA9 /* VehicleSearchTests.xctest */ = {isa = PBXFileReference; explicitFileType = wrapper.cfbundle; includeInIndex = 0; path = VehicleSearchTests.xctest; sourceTree = BUILT_PRODUCTS_DIR; };
		80ED5C3E2971064F0099AAA9 /* VehicleSearchTests.swift */ = {isa = PBXFileReference; lastKnownFileType = sourcecode.swift; path = VehicleSearchTests.swift; sourceTree = "<group>"; };
		80ED5C442971064F0099AAA9 /* VehicleSearchUITests.xctest */ = {isa = PBXFileReference; explicitFileType = wrapper.cfbundle; includeInIndex = 0; path = VehicleSearchUITests.xctest; sourceTree = BUILT_PRODUCTS_DIR; };
		80ED5C482971064F0099AAA9 /* VehicleSearchUITests.swift */ = {isa = PBXFileReference; lastKnownFileType = sourcecode.swift; path = VehicleSearchUITests.swift; sourceTree = "<group>"; };
		80ED5C4A2971064F0099AAA9 /* VehicleSearchUITestsLaunchTests.swift */ = {isa = PBXFileReference; lastKnownFileType = sourcecode.swift; path = VehicleSearchUITestsLaunchTests.swift; sourceTree = "<group>"; };
		80ED5C57297106A90099AAA9 /* OnBoardingScreen.swift */ = {isa = PBXFileReference; lastKnownFileType = sourcecode.swift; path = OnBoardingScreen.swift; sourceTree = "<group>"; };
		80ED5C5C297109850099AAA9 /* Roboto-LightItalic.ttf */ = {isa = PBXFileReference; lastKnownFileType = file; path = "Roboto-LightItalic.ttf"; sourceTree = "<group>"; };
		80ED5C5D297109850099AAA9 /* Roboto-Bold.ttf */ = {isa = PBXFileReference; lastKnownFileType = file; path = "Roboto-Bold.ttf"; sourceTree = "<group>"; };
		80ED5C5E297109850099AAA9 /* Roboto-Black.ttf */ = {isa = PBXFileReference; lastKnownFileType = file; path = "Roboto-Black.ttf"; sourceTree = "<group>"; };
		80ED5C5F297109860099AAA9 /* Roboto-BlackItalic.ttf */ = {isa = PBXFileReference; lastKnownFileType = file; path = "Roboto-BlackItalic.ttf"; sourceTree = "<group>"; };
		80ED5C60297109860099AAA9 /* Roboto-Light.ttf */ = {isa = PBXFileReference; lastKnownFileType = file; path = "Roboto-Light.ttf"; sourceTree = "<group>"; };
		80ED5C61297109860099AAA9 /* Roboto-MediumItalic.ttf */ = {isa = PBXFileReference; lastKnownFileType = file; path = "Roboto-MediumItalic.ttf"; sourceTree = "<group>"; };
		80ED5C62297109860099AAA9 /* Roboto-Regular.ttf */ = {isa = PBXFileReference; lastKnownFileType = file; path = "Roboto-Regular.ttf"; sourceTree = "<group>"; };
		80ED5C63297109860099AAA9 /* Roboto-Thin.ttf */ = {isa = PBXFileReference; lastKnownFileType = file; path = "Roboto-Thin.ttf"; sourceTree = "<group>"; };
		80ED5C64297109860099AAA9 /* Roboto-Medium.ttf */ = {isa = PBXFileReference; lastKnownFileType = file; path = "Roboto-Medium.ttf"; sourceTree = "<group>"; };
		80ED5C65297109860099AAA9 /* Roboto-ThinItalic.ttf */ = {isa = PBXFileReference; lastKnownFileType = file; path = "Roboto-ThinItalic.ttf"; sourceTree = "<group>"; };
		80ED5C66297109860099AAA9 /* Roboto-Italic.ttf */ = {isa = PBXFileReference; lastKnownFileType = file; path = "Roboto-Italic.ttf"; sourceTree = "<group>"; };
		80ED5C67297109860099AAA9 /* Roboto-BoldItalic.ttf */ = {isa = PBXFileReference; lastKnownFileType = file; path = "Roboto-BoldItalic.ttf"; sourceTree = "<group>"; };
		80ED5C74297109960099AAA9 /* Oswald-Regular.ttf */ = {isa = PBXFileReference; lastKnownFileType = file; path = "Oswald-Regular.ttf"; sourceTree = "<group>"; };
		80ED5C75297109960099AAA9 /* Oswald-SemiBold.ttf */ = {isa = PBXFileReference; lastKnownFileType = file; path = "Oswald-SemiBold.ttf"; sourceTree = "<group>"; };
		80ED5C76297109960099AAA9 /* Oswald-Light.ttf */ = {isa = PBXFileReference; lastKnownFileType = file; path = "Oswald-Light.ttf"; sourceTree = "<group>"; };
		80ED5C77297109960099AAA9 /* Oswald-Bold.ttf */ = {isa = PBXFileReference; lastKnownFileType = file; path = "Oswald-Bold.ttf"; sourceTree = "<group>"; };
		80ED5C78297109960099AAA9 /* Oswald-ExtraLight.ttf */ = {isa = PBXFileReference; lastKnownFileType = file; path = "Oswald-ExtraLight.ttf"; sourceTree = "<group>"; };
		80ED5C79297109960099AAA9 /* Oswald-Medium.ttf */ = {isa = PBXFileReference; lastKnownFileType = file; path = "Oswald-Medium.ttf"; sourceTree = "<group>"; };
		80ED5C8029710FE70099AAA9 /* SearchToolScreen.swift */ = {isa = PBXFileReference; lastKnownFileType = sourcecode.swift; path = SearchToolScreen.swift; sourceTree = "<group>"; };
		80ED5C862971665A0099AAA9 /* UIView.swift */ = {isa = PBXFileReference; lastKnownFileType = sourcecode.swift; path = UIView.swift; sourceTree = "<group>"; };
/* End PBXFileReference section */

/* Begin PBXFrameworksBuildPhase section */
		80ED5C212971064D0099AAA9 /* Frameworks */ = {
			isa = PBXFrameworksBuildPhase;
			buildActionMask = 2147483647;
			files = (
			);
			runOnlyForDeploymentPostprocessing = 0;
		};
		80ED5C372971064F0099AAA9 /* Frameworks */ = {
			isa = PBXFrameworksBuildPhase;
			buildActionMask = 2147483647;
			files = (
			);
			runOnlyForDeploymentPostprocessing = 0;
		};
		80ED5C412971064F0099AAA9 /* Frameworks */ = {
			isa = PBXFrameworksBuildPhase;
			buildActionMask = 2147483647;
			files = (
			);
			runOnlyForDeploymentPostprocessing = 0;
		};
/* End PBXFrameworksBuildPhase section */

/* Begin PBXGroup section */
		80037F5729726A80004B66F6 /* ViewModel */ = {
			isa = PBXGroup;
			children = (
				80C168B72971CF61009112CB /* SearchScreenViewModel.swift */,
				80037F752972C76C004B66F6 /* Binder.swift */,
			);
			path = ViewModel;
			sourceTree = "<group>";
		};
		80037F5829726A8A004B66F6 /* Data */ = {
			isa = PBXGroup;
			children = (
				80037F5A29726A98004B66F6 /* Api */,
				80037F5929726A91004B66F6 /* Service */,
			);
			path = Data;
			sourceTree = "<group>";
		};
		80037F5929726A91004B66F6 /* Service */ = {
			isa = PBXGroup;
			children = (
				80C168BE2971CF91009112CB /* VehicleInfoFetchServiceImpl.swift */,
				80037F6B29729033004B66F6 /* VehicleSearchService.swift */,
				80037F6D297290CC004B66F6 /* ApiResult.swift */,
			);
			path = Service;
			sourceTree = "<group>";
		};
		80037F5A29726A98004B66F6 /* Api */ = {
			isa = PBXGroup;
			children = (
				80C168BD2971CF91009112CB /* VehicleSearchApi.swift */,
			);
			path = Api;
			sourceTree = "<group>";
		};
		80037F5C29726AE7004B66F6 /* Extension */ = {
			isa = PBXGroup;
			children = (
				80ED5C862971665A0099AAA9 /* UIView.swift */,
				80037F5D29726B17004B66F6 /* NSObject.swift */,
				80037F5F297274CA004B66F6 /* String.swift */,
				80037F772972D98E004B66F6 /* UIViewController.swift */,
			);
			path = Extension;
			sourceTree = "<group>";
		};
		80037F61297275B5004B66F6 /* Localization */ = {
			isa = PBXGroup;
			children = (
				80037F67297275D5004B66F6 /* Localizable.strings */,
			);
			path = Localization;
			sourceTree = "<group>";
		};
		80037F6829728FAD004B66F6 /* Model */ = {
			isa = PBXGroup;
			children = (
				80C168BB2971CF76009112CB /* VehicleInfoModel.swift */,
				80037F6929728FCC004B66F6 /* VehicleFeatureInfoModel.swift */,
			);
			path = Model;
			sourceTree = "<group>";
		};
		80037F6F2972BC80004B66F6 /* SearchTool */ = {
			isa = PBXGroup;
			children = (
				80ED5C8029710FE70099AAA9 /* SearchToolScreen.swift */,
			);
			path = SearchTool;
			sourceTree = "<group>";
		};
		80037F702972BCA0004B66F6 /* Home */ = {
			isa = PBXGroup;
			children = (
				80ED5C57297106A90099AAA9 /* OnBoardingScreen.swift */,
			);
			path = Home;
			sourceTree = "<group>";
		};
		80ED5C1B2971064D0099AAA9 = {
			isa = PBXGroup;
			children = (
				80ED5C262971064D0099AAA9 /* VehicleSearch */,
				80ED5C3D2971064F0099AAA9 /* VehicleSearchTests */,
				80ED5C472971064F0099AAA9 /* VehicleSearchUITests */,
				80ED5C252971064D0099AAA9 /* Products */,
			);
			sourceTree = "<group>";
		};
		80ED5C252971064D0099AAA9 /* Products */ = {
			isa = PBXGroup;
			children = (
				80ED5C242971064D0099AAA9 /* VehicleSearch.app */,
				80ED5C3A2971064F0099AAA9 /* VehicleSearchTests.xctest */,
				80ED5C442971064F0099AAA9 /* VehicleSearchUITests.xctest */,
			);
			name = Products;
			sourceTree = "<group>";
		};
		80ED5C262971064D0099AAA9 /* VehicleSearch */ = {
			isa = PBXGroup;
			children = (
				80ED5C592971095C0099AAA9 /* Fonts */,
				80037F5829726A8A004B66F6 /* Data */,
				80037F6829728FAD004B66F6 /* Model */,
				80037F5729726A80004B66F6 /* ViewModel */,
				80ED5C82297114200099AAA9 /* View */,
				80037F61297275B5004B66F6 /* Localization */,
				80ED5C272971064D0099AAA9 /* AppDelegate.swift */,
				80ED5C292971064D0099AAA9 /* SceneDelegate.swift */,
				80ED5C2D2971064D0099AAA9 /* Main.storyboard */,
				80ED5C302971064F0099AAA9 /* Assets.xcassets */,
				80ED5C322971064F0099AAA9 /* LaunchScreen.storyboard */,
				80ED5C352971064F0099AAA9 /* Info.plist */,
				80037F5529724E17004B66F6 /* SearchServiceProtocol.swift */,
			);
			path = VehicleSearch;
			sourceTree = "<group>";
		};
		80ED5C3D2971064F0099AAA9 /* VehicleSearchTests */ = {
			isa = PBXGroup;
			children = (
				80ED5C3E2971064F0099AAA9 /* VehicleSearchTests.swift */,
			);
			path = VehicleSearchTests;
			sourceTree = "<group>";
		};
		80ED5C472971064F0099AAA9 /* VehicleSearchUITests */ = {
			isa = PBXGroup;
			children = (
				80ED5C482971064F0099AAA9 /* VehicleSearchUITests.swift */,
				80ED5C4A2971064F0099AAA9 /* VehicleSearchUITestsLaunchTests.swift */,
			);
			path = VehicleSearchUITests;
			sourceTree = "<group>";
		};
		80ED5C592971095C0099AAA9 /* Fonts */ = {
			isa = PBXGroup;
			children = (
				80ED5C5B297109740099AAA9 /* Oswald */,
				80ED5C5A2971096B0099AAA9 /* Roboto */,
			);
			path = Fonts;
			sourceTree = "<group>";
		};
		80ED5C5A2971096B0099AAA9 /* Roboto */ = {
			isa = PBXGroup;
			children = (
				80ED5C5E297109850099AAA9 /* Roboto-Black.ttf */,
				80ED5C5F297109860099AAA9 /* Roboto-BlackItalic.ttf */,
				80ED5C5D297109850099AAA9 /* Roboto-Bold.ttf */,
				80ED5C67297109860099AAA9 /* Roboto-BoldItalic.ttf */,
				80ED5C66297109860099AAA9 /* Roboto-Italic.ttf */,
				80ED5C60297109860099AAA9 /* Roboto-Light.ttf */,
				80ED5C5C297109850099AAA9 /* Roboto-LightItalic.ttf */,
				80ED5C64297109860099AAA9 /* Roboto-Medium.ttf */,
				80ED5C61297109860099AAA9 /* Roboto-MediumItalic.ttf */,
				80ED5C62297109860099AAA9 /* Roboto-Regular.ttf */,
				80ED5C63297109860099AAA9 /* Roboto-Thin.ttf */,
				80ED5C65297109860099AAA9 /* Roboto-ThinItalic.ttf */,
			);
			path = Roboto;
			sourceTree = "<group>";
		};
		80ED5C5B297109740099AAA9 /* Oswald */ = {
			isa = PBXGroup;
			children = (
				80ED5C77297109960099AAA9 /* Oswald-Bold.ttf */,
				80ED5C78297109960099AAA9 /* Oswald-ExtraLight.ttf */,
				80ED5C76297109960099AAA9 /* Oswald-Light.ttf */,
				80ED5C79297109960099AAA9 /* Oswald-Medium.ttf */,
				80ED5C74297109960099AAA9 /* Oswald-Regular.ttf */,
				80ED5C75297109960099AAA9 /* Oswald-SemiBold.ttf */,
			);
			path = Oswald;
			sourceTree = "<group>";
		};
		80ED5C82297114200099AAA9 /* View */ = {
			isa = PBXGroup;
			children = (
				80037F702972BCA0004B66F6 /* Home */,
				80037F6F2972BC80004B66F6 /* SearchTool */,
				80037F5C29726AE7004B66F6 /* Extension */,
				80C168B92971CF6B009112CB /* UiState.swift */,
				80ED5C83297114260099AAA9 /* Component */,
			);
			path = View;
			sourceTree = "<group>";
		};
		80ED5C83297114260099AAA9 /* Component */ = {
			isa = PBXGroup;
			children = (
			);
			path = Component;
			sourceTree = "<group>";
		};
/* End PBXGroup section */

/* Begin PBXNativeTarget section */
		80ED5C232971064D0099AAA9 /* VehicleSearch */ = {
			isa = PBXNativeTarget;
			buildConfigurationList = 80ED5C4E2971064F0099AAA9 /* Build configuration list for PBXNativeTarget "VehicleSearch" */;
			buildPhases = (
				80ED5C202971064D0099AAA9 /* Sources */,
				80ED5C212971064D0099AAA9 /* Frameworks */,
				80ED5C222971064D0099AAA9 /* Resources */,
			);
			buildRules = (
			);
			dependencies = (
			);
			name = VehicleSearch;
			productName = VehicleSearch;
			productReference = 80ED5C242971064D0099AAA9 /* VehicleSearch.app */;
			productType = "com.apple.product-type.application";
		};
		80ED5C392971064F0099AAA9 /* VehicleSearchTests */ = {
			isa = PBXNativeTarget;
			buildConfigurationList = 80ED5C512971064F0099AAA9 /* Build configuration list for PBXNativeTarget "VehicleSearchTests" */;
			buildPhases = (
				80ED5C362971064F0099AAA9 /* Sources */,
				80ED5C372971064F0099AAA9 /* Frameworks */,
				80ED5C382971064F0099AAA9 /* Resources */,
			);
			buildRules = (
			);
			dependencies = (
				80ED5C3C2971064F0099AAA9 /* PBXTargetDependency */,
			);
			name = VehicleSearchTests;
			productName = VehicleSearchTests;
			productReference = 80ED5C3A2971064F0099AAA9 /* VehicleSearchTests.xctest */;
			productType = "com.apple.product-type.bundle.unit-test";
		};
		80ED5C432971064F0099AAA9 /* VehicleSearchUITests */ = {
			isa = PBXNativeTarget;
			buildConfigurationList = 80ED5C542971064F0099AAA9 /* Build configuration list for PBXNativeTarget "VehicleSearchUITests" */;
			buildPhases = (
				80ED5C402971064F0099AAA9 /* Sources */,
				80ED5C412971064F0099AAA9 /* Frameworks */,
				80ED5C422971064F0099AAA9 /* Resources */,
			);
			buildRules = (
			);
			dependencies = (
				80ED5C462971064F0099AAA9 /* PBXTargetDependency */,
			);
			name = VehicleSearchUITests;
			productName = VehicleSearchUITests;
			productReference = 80ED5C442971064F0099AAA9 /* VehicleSearchUITests.xctest */;
			productType = "com.apple.product-type.bundle.ui-testing";
		};
/* End PBXNativeTarget section */

/* Begin PBXProject section */
		80ED5C1C2971064D0099AAA9 /* Project object */ = {
			isa = PBXProject;
			attributes = {
				BuildIndependentTargetsInParallel = 1;
				LastSwiftUpdateCheck = 1410;
				LastUpgradeCheck = 1410;
				TargetAttributes = {
					80ED5C232971064D0099AAA9 = {
						CreatedOnToolsVersion = 14.1;
					};
					80ED5C392971064F0099AAA9 = {
						CreatedOnToolsVersion = 14.1;
						TestTargetID = 80ED5C232971064D0099AAA9;
					};
					80ED5C432971064F0099AAA9 = {
						CreatedOnToolsVersion = 14.1;
						TestTargetID = 80ED5C232971064D0099AAA9;
					};
				};
			};
			buildConfigurationList = 80ED5C1F2971064D0099AAA9 /* Build configuration list for PBXProject "VehicleSearch" */;
			compatibilityVersion = "Xcode 14.0";
			developmentRegion = en;
			hasScannedForEncodings = 0;
			knownRegions = (
				en,
				Base,
			);
			mainGroup = 80ED5C1B2971064D0099AAA9;
			productRefGroup = 80ED5C252971064D0099AAA9 /* Products */;
			projectDirPath = "";
			projectRoot = "";
			targets = (
				80ED5C232971064D0099AAA9 /* VehicleSearch */,
				80ED5C392971064F0099AAA9 /* VehicleSearchTests */,
				80ED5C432971064F0099AAA9 /* VehicleSearchUITests */,
			);
		};
/* End PBXProject section */

/* Begin PBXResourcesBuildPhase section */
		80ED5C222971064D0099AAA9 /* Resources */ = {
			isa = PBXResourcesBuildPhase;
			buildActionMask = 2147483647;
			files = (
				80ED5C7B297109960099AAA9 /* Oswald-SemiBold.ttf in Resources */,
				80ED5C342971064F0099AAA9 /* LaunchScreen.storyboard in Resources */,
				80ED5C312971064F0099AAA9 /* Assets.xcassets in Resources */,
				80ED5C7F297109960099AAA9 /* Oswald-Medium.ttf in Resources */,
				80ED5C7C297109960099AAA9 /* Oswald-Light.ttf in Resources */,
				80ED5C6E297109860099AAA9 /* Roboto-Regular.ttf in Resources */,
				80ED5C7D297109960099AAA9 /* Oswald-Bold.ttf in Resources */,
				80ED5C73297109860099AAA9 /* Roboto-BoldItalic.ttf in Resources */,
				80ED5C69297109860099AAA9 /* Roboto-Bold.ttf in Resources */,
				80ED5C6F297109860099AAA9 /* Roboto-Thin.ttf in Resources */,
				80ED5C6B297109860099AAA9 /* Roboto-BlackItalic.ttf in Resources */,
				80ED5C7A297109960099AAA9 /* Oswald-Regular.ttf in Resources */,
				80ED5C68297109860099AAA9 /* Roboto-LightItalic.ttf in Resources */,
				80037F65297275D5004B66F6 /* Localizable.strings in Resources */,
				80ED5C2F2971064D0099AAA9 /* Main.storyboard in Resources */,
				80ED5C70297109860099AAA9 /* Roboto-Medium.ttf in Resources */,
				80ED5C6C297109860099AAA9 /* Roboto-Light.ttf in Resources */,
				80ED5C6D297109860099AAA9 /* Roboto-MediumItalic.ttf in Resources */,
				80ED5C7E297109960099AAA9 /* Oswald-ExtraLight.ttf in Resources */,
				80ED5C72297109860099AAA9 /* Roboto-Italic.ttf in Resources */,
				80ED5C6A297109860099AAA9 /* Roboto-Black.ttf in Resources */,
				80ED5C71297109860099AAA9 /* Roboto-ThinItalic.ttf in Resources */,
			);
			runOnlyForDeploymentPostprocessing = 0;
		};
		80ED5C382971064F0099AAA9 /* Resources */ = {
			isa = PBXResourcesBuildPhase;
			buildActionMask = 2147483647;
			files = (
			);
			runOnlyForDeploymentPostprocessing = 0;
		};
		80ED5C422971064F0099AAA9 /* Resources */ = {
			isa = PBXResourcesBuildPhase;
			buildActionMask = 2147483647;
			files = (
			);
			runOnlyForDeploymentPostprocessing = 0;
		};
/* End PBXResourcesBuildPhase section */

/* Begin PBXSourcesBuildPhase section */
		80ED5C202971064D0099AAA9 /* Sources */ = {
			isa = PBXSourcesBuildPhase;
			buildActionMask = 2147483647;
			files = (
				80C168B82971CF62009112CB /* SearchScreenViewModel.swift in Sources */,
				80037F60297274CA004B66F6 /* String.swift in Sources */,
				80037F782972D98E004B66F6 /* UIViewController.swift in Sources */,
				80037F5629724E17004B66F6 /* SearchServiceProtocol.swift in Sources */,
				80037F6E297290CC004B66F6 /* ApiResult.swift in Sources */,
				80ED5C58297106A90099AAA9 /* OnBoardingScreen.swift in Sources */,
				80ED5C282971064D0099AAA9 /* AppDelegate.swift in Sources */,
				80037F6C29729033004B66F6 /* VehicleSearchService.swift in Sources */,
				80ED5C2A2971064D0099AAA9 /* SceneDelegate.swift in Sources */,
				80C168BA2971CF6B009112CB /* UiState.swift in Sources */,
				80C168BC2971CF76009112CB /* VehicleInfoModel.swift in Sources */,
				80037F762972C76C004B66F6 /* Binder.swift in Sources */,
				80C168C02971CF91009112CB /* VehicleInfoFetchServiceImpl.swift in Sources */,
				80ED5C872971665A0099AAA9 /* UIView.swift in Sources */,
				80037F5E29726B17004B66F6 /* NSObject.swift in Sources */,
				80ED5C8129710FE70099AAA9 /* SearchToolScreen.swift in Sources */,
				80C168BF2971CF91009112CB /* VehicleSearchApi.swift in Sources */,
				80037F6A29728FCC004B66F6 /* VehicleFeatureInfoModel.swift in Sources */,
			);
			runOnlyForDeploymentPostprocessing = 0;
		};
		80ED5C362971064F0099AAA9 /* Sources */ = {
			isa = PBXSourcesBuildPhase;
			buildActionMask = 2147483647;
			files = (
				80ED5C3F2971064F0099AAA9 /* VehicleSearchTests.swift in Sources */,
			);
			runOnlyForDeploymentPostprocessing = 0;
		};
		80ED5C402971064F0099AAA9 /* Sources */ = {
			isa = PBXSourcesBuildPhase;
			buildActionMask = 2147483647;
			files = (
				80ED5C492971064F0099AAA9 /* VehicleSearchUITests.swift in Sources */,
				80ED5C4B2971064F0099AAA9 /* VehicleSearchUITestsLaunchTests.swift in Sources */,
			);
			runOnlyForDeploymentPostprocessing = 0;
		};
/* End PBXSourcesBuildPhase section */

/* Begin PBXTargetDependency section */
		80ED5C3C2971064F0099AAA9 /* PBXTargetDependency */ = {
			isa = PBXTargetDependency;
			target = 80ED5C232971064D0099AAA9 /* VehicleSearch */;
			targetProxy = 80ED5C3B2971064F0099AAA9 /* PBXContainerItemProxy */;
		};
		80ED5C462971064F0099AAA9 /* PBXTargetDependency */ = {
			isa = PBXTargetDependency;
			target = 80ED5C232971064D0099AAA9 /* VehicleSearch */;
			targetProxy = 80ED5C452971064F0099AAA9 /* PBXContainerItemProxy */;
		};
/* End PBXTargetDependency section */

/* Begin PBXVariantGroup section */
		80037F67297275D5004B66F6 /* Localizable.strings */ = {
			isa = PBXVariantGroup;
			children = (
				80037F66297275D5004B66F6 /* en */,
			);
			name = Localizable.strings;
			sourceTree = "<group>";
		};
		80ED5C2D2971064D0099AAA9 /* Main.storyboard */ = {
			isa = PBXVariantGroup;
			children = (
				80ED5C2E2971064D0099AAA9 /* Base */,
			);
			name = Main.storyboard;
			sourceTree = "<group>";
		};
		80ED5C322971064F0099AAA9 /* LaunchScreen.storyboard */ = {
			isa = PBXVariantGroup;
			children = (
				80ED5C332971064F0099AAA9 /* Base */,
			);
			name = LaunchScreen.storyboard;
			sourceTree = "<group>";
		};
/* End PBXVariantGroup section */

/* Begin XCBuildConfiguration section */
		80ED5C4C2971064F0099AAA9 /* Debug */ = {
			isa = XCBuildConfiguration;
			buildSettings = {
				ALWAYS_SEARCH_USER_PATHS = NO;
				CLANG_ANALYZER_NONNULL = YES;
				CLANG_ANALYZER_NUMBER_OBJECT_CONVERSION = YES_AGGRESSIVE;
				CLANG_CXX_LANGUAGE_STANDARD = "gnu++20";
				CLANG_ENABLE_MODULES = YES;
				CLANG_ENABLE_OBJC_ARC = YES;
				CLANG_ENABLE_OBJC_WEAK = YES;
				CLANG_WARN_BLOCK_CAPTURE_AUTORELEASING = YES;
				CLANG_WARN_BOOL_CONVERSION = YES;
				CLANG_WARN_COMMA = YES;
				CLANG_WARN_CONSTANT_CONVERSION = YES;
				CLANG_WARN_DEPRECATED_OBJC_IMPLEMENTATIONS = YES;
				CLANG_WARN_DIRECT_OBJC_ISA_USAGE = YES_ERROR;
				CLANG_WARN_DOCUMENTATION_COMMENTS = YES;
				CLANG_WARN_EMPTY_BODY = YES;
				CLANG_WARN_ENUM_CONVERSION = YES;
				CLANG_WARN_INFINITE_RECURSION = YES;
				CLANG_WARN_INT_CONVERSION = YES;
				CLANG_WARN_NON_LITERAL_NULL_CONVERSION = YES;
				CLANG_WARN_OBJC_IMPLICIT_RETAIN_SELF = YES;
				CLANG_WARN_OBJC_LITERAL_CONVERSION = YES;
				CLANG_WARN_OBJC_ROOT_CLASS = YES_ERROR;
				CLANG_WARN_QUOTED_INCLUDE_IN_FRAMEWORK_HEADER = YES;
				CLANG_WARN_RANGE_LOOP_ANALYSIS = YES;
				CLANG_WARN_STRICT_PROTOTYPES = YES;
				CLANG_WARN_SUSPICIOUS_MOVE = YES;
				CLANG_WARN_UNGUARDED_AVAILABILITY = YES_AGGRESSIVE;
				CLANG_WARN_UNREACHABLE_CODE = YES;
				CLANG_WARN__DUPLICATE_METHOD_MATCH = YES;
				COPY_PHASE_STRIP = NO;
				DEBUG_INFORMATION_FORMAT = dwarf;
				ENABLE_STRICT_OBJC_MSGSEND = YES;
				ENABLE_TESTABILITY = YES;
				GCC_C_LANGUAGE_STANDARD = gnu11;
				GCC_DYNAMIC_NO_PIC = NO;
				GCC_NO_COMMON_BLOCKS = YES;
				GCC_OPTIMIZATION_LEVEL = 0;
				GCC_PREPROCESSOR_DEFINITIONS = (
					"DEBUG=1",
					"$(inherited)",
				);
				GCC_WARN_64_TO_32_BIT_CONVERSION = YES;
				GCC_WARN_ABOUT_RETURN_TYPE = YES_ERROR;
				GCC_WARN_UNDECLARED_SELECTOR = YES;
				GCC_WARN_UNINITIALIZED_AUTOS = YES_AGGRESSIVE;
				GCC_WARN_UNUSED_FUNCTION = YES;
				GCC_WARN_UNUSED_VARIABLE = YES;
				IPHONEOS_DEPLOYMENT_TARGET = 13.0;
				MTL_ENABLE_DEBUG_INFO = INCLUDE_SOURCE;
				MTL_FAST_MATH = YES;
				ONLY_ACTIVE_ARCH = YES;
				SDKROOT = iphoneos;
				SWIFT_ACTIVE_COMPILATION_CONDITIONS = DEBUG;
				SWIFT_OPTIMIZATION_LEVEL = "-Onone";
			};
			name = Debug;
		};
		80ED5C4D2971064F0099AAA9 /* Release */ = {
			isa = XCBuildConfiguration;
			buildSettings = {
				ALWAYS_SEARCH_USER_PATHS = NO;
				CLANG_ANALYZER_NONNULL = YES;
				CLANG_ANALYZER_NUMBER_OBJECT_CONVERSION = YES_AGGRESSIVE;
				CLANG_CXX_LANGUAGE_STANDARD = "gnu++20";
				CLANG_ENABLE_MODULES = YES;
				CLANG_ENABLE_OBJC_ARC = YES;
				CLANG_ENABLE_OBJC_WEAK = YES;
				CLANG_WARN_BLOCK_CAPTURE_AUTORELEASING = YES;
				CLANG_WARN_BOOL_CONVERSION = YES;
				CLANG_WARN_COMMA = YES;
				CLANG_WARN_CONSTANT_CONVERSION = YES;
				CLANG_WARN_DEPRECATED_OBJC_IMPLEMENTATIONS = YES;
				CLANG_WARN_DIRECT_OBJC_ISA_USAGE = YES_ERROR;
				CLANG_WARN_DOCUMENTATION_COMMENTS = YES;
				CLANG_WARN_EMPTY_BODY = YES;
				CLANG_WARN_ENUM_CONVERSION = YES;
				CLANG_WARN_INFINITE_RECURSION = YES;
				CLANG_WARN_INT_CONVERSION = YES;
				CLANG_WARN_NON_LITERAL_NULL_CONVERSION = YES;
				CLANG_WARN_OBJC_IMPLICIT_RETAIN_SELF = YES;
				CLANG_WARN_OBJC_LITERAL_CONVERSION = YES;
				CLANG_WARN_OBJC_ROOT_CLASS = YES_ERROR;
				CLANG_WARN_QUOTED_INCLUDE_IN_FRAMEWORK_HEADER = YES;
				CLANG_WARN_RANGE_LOOP_ANALYSIS = YES;
				CLANG_WARN_STRICT_PROTOTYPES = YES;
				CLANG_WARN_SUSPICIOUS_MOVE = YES;
				CLANG_WARN_UNGUARDED_AVAILABILITY = YES_AGGRESSIVE;
				CLANG_WARN_UNREACHABLE_CODE = YES;
				CLANG_WARN__DUPLICATE_METHOD_MATCH = YES;
				COPY_PHASE_STRIP = NO;
				DEBUG_INFORMATION_FORMAT = "dwarf-with-dsym";
				ENABLE_NS_ASSERTIONS = NO;
				ENABLE_STRICT_OBJC_MSGSEND = YES;
				GCC_C_LANGUAGE_STANDARD = gnu11;
				GCC_NO_COMMON_BLOCKS = YES;
				GCC_WARN_64_TO_32_BIT_CONVERSION = YES;
				GCC_WARN_ABOUT_RETURN_TYPE = YES_ERROR;
				GCC_WARN_UNDECLARED_SELECTOR = YES;
				GCC_WARN_UNINITIALIZED_AUTOS = YES_AGGRESSIVE;
				GCC_WARN_UNUSED_FUNCTION = YES;
				GCC_WARN_UNUSED_VARIABLE = YES;
				IPHONEOS_DEPLOYMENT_TARGET = 13.0;
				MTL_ENABLE_DEBUG_INFO = NO;
				MTL_FAST_MATH = YES;
				SDKROOT = iphoneos;
				SWIFT_COMPILATION_MODE = wholemodule;
				SWIFT_OPTIMIZATION_LEVEL = "-O";
				VALIDATE_PRODUCT = YES;
			};
			name = Release;
		};
		80ED5C4F2971064F0099AAA9 /* Debug */ = {
			isa = XCBuildConfiguration;
			buildSettings = {
				ASSETCATALOG_COMPILER_APPICON_NAME = AppIcon;
				ASSETCATALOG_COMPILER_GLOBAL_ACCENT_COLOR_NAME = AccentColor;
				CODE_SIGN_STYLE = Automatic;
				CURRENT_PROJECT_VERSION = 1;
				DEVELOPMENT_TEAM = D7VG8NJGXZ;
				GENERATE_INFOPLIST_FILE = YES;
				INFOPLIST_FILE = VehicleSearch/Info.plist;
				INFOPLIST_KEY_UIApplicationSupportsIndirectInputEvents = YES;
				INFOPLIST_KEY_UILaunchStoryboardName = LaunchScreen;
				INFOPLIST_KEY_UIMainStoryboardFile = Main;
				INFOPLIST_KEY_UISupportedInterfaceOrientations_iPad = "UIInterfaceOrientationPortrait UIInterfaceOrientationPortraitUpsideDown UIInterfaceOrientationLandscapeLeft UIInterfaceOrientationLandscapeRight";
				INFOPLIST_KEY_UISupportedInterfaceOrientations_iPhone = "UIInterfaceOrientationPortrait UIInterfaceOrientationLandscapeLeft UIInterfaceOrientationLandscapeRight";
				INFOPLIST_KEY_UIUserInterfaceStyle = Light;
				LD_RUNPATH_SEARCH_PATHS = (
					"$(inherited)",
					"@executable_path/Frameworks",
				);
				MARKETING_VERSION = 1.0;
				PRODUCT_BUNDLE_IDENTIFIER = com.nightcoder.vehicleinfo.VehicleSearch;
				PRODUCT_NAME = "$(TARGET_NAME)";
				SWIFT_EMIT_LOC_STRINGS = YES;
				SWIFT_VERSION = 5.0;
				TARGETED_DEVICE_FAMILY = "1,2";
			};
			name = Debug;
		};
		80ED5C502971064F0099AAA9 /* Release */ = {
			isa = XCBuildConfiguration;
			buildSettings = {
				ASSETCATALOG_COMPILER_APPICON_NAME = AppIcon;
				ASSETCATALOG_COMPILER_GLOBAL_ACCENT_COLOR_NAME = AccentColor;
				CODE_SIGN_STYLE = Automatic;
				CURRENT_PROJECT_VERSION = 1;
				DEVELOPMENT_TEAM = D7VG8NJGXZ;
				GENERATE_INFOPLIST_FILE = YES;
				INFOPLIST_FILE = VehicleSearch/Info.plist;
				INFOPLIST_KEY_UIApplicationSupportsIndirectInputEvents = YES;
				INFOPLIST_KEY_UILaunchStoryboardName = LaunchScreen;
				INFOPLIST_KEY_UIMainStoryboardFile = Main;
				INFOPLIST_KEY_UISupportedInterfaceOrientations_iPad = "UIInterfaceOrientationPortrait UIInterfaceOrientationPortraitUpsideDown UIInterfaceOrientationLandscapeLeft UIInterfaceOrientationLandscapeRight";
				INFOPLIST_KEY_UISupportedInterfaceOrientations_iPhone = "UIInterfaceOrientationPortrait UIInterfaceOrientationLandscapeLeft UIInterfaceOrientationLandscapeRight";
				INFOPLIST_KEY_UIUserInterfaceStyle = Light;
				LD_RUNPATH_SEARCH_PATHS = (
					"$(inherited)",
					"@executable_path/Frameworks",
				);
				MARKETING_VERSION = 1.0;
				PRODUCT_BUNDLE_IDENTIFIER = com.nightcoder.vehicleinfo.VehicleSearch;
				PRODUCT_NAME = "$(TARGET_NAME)";
				SWIFT_EMIT_LOC_STRINGS = YES;
				SWIFT_VERSION = 5.0;
				TARGETED_DEVICE_FAMILY = "1,2";
			};
			name = Release;
		};
		80ED5C522971064F0099AAA9 /* Debug */ = {
			isa = XCBuildConfiguration;
			buildSettings = {
				ALWAYS_EMBED_SWIFT_STANDARD_LIBRARIES = YES;
				BUNDLE_LOADER = "$(TEST_HOST)";
				CODE_SIGN_STYLE = Automatic;
				CURRENT_PROJECT_VERSION = 1;
				DEVELOPMENT_TEAM = D7VG8NJGXZ;
				GENERATE_INFOPLIST_FILE = YES;
				IPHONEOS_DEPLOYMENT_TARGET = 16.1;
				MARKETING_VERSION = 1.0;
				PRODUCT_BUNDLE_IDENTIFIER = com.nightcoder.vehicleinfo.VehicleSearchTests;
				PRODUCT_NAME = "$(TARGET_NAME)";
				SWIFT_EMIT_LOC_STRINGS = NO;
				SWIFT_VERSION = 5.0;
				TARGETED_DEVICE_FAMILY = "1,2";
				TEST_HOST = "$(BUILT_PRODUCTS_DIR)/VehicleSearch.app/$(BUNDLE_EXECUTABLE_FOLDER_PATH)/VehicleSearch";
			};
			name = Debug;
		};
		80ED5C532971064F0099AAA9 /* Release */ = {
			isa = XCBuildConfiguration;
			buildSettings = {
				ALWAYS_EMBED_SWIFT_STANDARD_LIBRARIES = YES;
				BUNDLE_LOADER = "$(TEST_HOST)";
				CODE_SIGN_STYLE = Automatic;
				CURRENT_PROJECT_VERSION = 1;
				DEVELOPMENT_TEAM = D7VG8NJGXZ;
				GENERATE_INFOPLIST_FILE = YES;
				IPHONEOS_DEPLOYMENT_TARGET = 16.1;
				MARKETING_VERSION = 1.0;
				PRODUCT_BUNDLE_IDENTIFIER = com.nightcoder.vehicleinfo.VehicleSearchTests;
				PRODUCT_NAME = "$(TARGET_NAME)";
				SWIFT_EMIT_LOC_STRINGS = NO;
				SWIFT_VERSION = 5.0;
				TARGETED_DEVICE_FAMILY = "1,2";
				TEST_HOST = "$(BUILT_PRODUCTS_DIR)/VehicleSearch.app/$(BUNDLE_EXECUTABLE_FOLDER_PATH)/VehicleSearch";
			};
			name = Release;
		};
		80ED5C552971064F0099AAA9 /* Debug */ = {
			isa = XCBuildConfiguration;
			buildSettings = {
				ALWAYS_EMBED_SWIFT_STANDARD_LIBRARIES = YES;
				CODE_SIGN_STYLE = Automatic;
				CURRENT_PROJECT_VERSION = 1;
				DEVELOPMENT_TEAM = D7VG8NJGXZ;
				GENERATE_INFOPLIST_FILE = YES;
				MARKETING_VERSION = 1.0;
				PRODUCT_BUNDLE_IDENTIFIER = com.nightcoder.vehicleinfo.VehicleSearchUITests;
				PRODUCT_NAME = "$(TARGET_NAME)";
				SWIFT_EMIT_LOC_STRINGS = NO;
				SWIFT_VERSION = 5.0;
				TARGETED_DEVICE_FAMILY = "1,2";
				TEST_TARGET_NAME = VehicleSearch;
			};
			name = Debug;
		};
		80ED5C562971064F0099AAA9 /* Release */ = {
			isa = XCBuildConfiguration;
			buildSettings = {
				ALWAYS_EMBED_SWIFT_STANDARD_LIBRARIES = YES;
				CODE_SIGN_STYLE = Automatic;
				CURRENT_PROJECT_VERSION = 1;
				DEVELOPMENT_TEAM = D7VG8NJGXZ;
				GENERATE_INFOPLIST_FILE = YES;
				MARKETING_VERSION = 1.0;
				PRODUCT_BUNDLE_IDENTIFIER = com.nightcoder.vehicleinfo.VehicleSearchUITests;
				PRODUCT_NAME = "$(TARGET_NAME)";
				SWIFT_EMIT_LOC_STRINGS = NO;
				SWIFT_VERSION = 5.0;
				TARGETED_DEVICE_FAMILY = "1,2";
				TEST_TARGET_NAME = VehicleSearch;
			};
			name = Release;
		};
/* End XCBuildConfiguration section */

/* Begin XCConfigurationList section */
		80ED5C1F2971064D0099AAA9 /* Build configuration list for PBXProject "VehicleSearch" */ = {
			isa = XCConfigurationList;
			buildConfigurations = (
				80ED5C4C2971064F0099AAA9 /* Debug */,
				80ED5C4D2971064F0099AAA9 /* Release */,
			);
			defaultConfigurationIsVisible = 0;
			defaultConfigurationName = Release;
		};
		80ED5C4E2971064F0099AAA9 /* Build configuration list for PBXNativeTarget "VehicleSearch" */ = {
			isa = XCConfigurationList;
			buildConfigurations = (
				80ED5C4F2971064F0099AAA9 /* Debug */,
				80ED5C502971064F0099AAA9 /* Release */,
			);
			defaultConfigurationIsVisible = 0;
			defaultConfigurationName = Release;
		};
		80ED5C512971064F0099AAA9 /* Build configuration list for PBXNativeTarget "VehicleSearchTests" */ = {
			isa = XCConfigurationList;
			buildConfigurations = (
				80ED5C522971064F0099AAA9 /* Debug */,
				80ED5C532971064F0099AAA9 /* Release */,
			);
			defaultConfigurationIsVisible = 0;
			defaultConfigurationName = Release;
		};
		80ED5C542971064F0099AAA9 /* Build configuration list for PBXNativeTarget "VehicleSearchUITests" */ = {
			isa = XCConfigurationList;
			buildConfigurations = (
				80ED5C552971064F0099AAA9 /* Debug */,
				80ED5C562971064F0099AAA9 /* Release */,
			);
			defaultConfigurationIsVisible = 0;
			defaultConfigurationName = Release;
		};
/* End XCConfigurationList section */
	};
	rootObject = 80ED5C1C2971064D0099AAA9 /* Project object */;
}
